<Solution>
  <Folder Name="/src/">
    <Project Path="src/LIAnsureProtect.Api/LIAnsureProtect.Api.csproj" Id="040247e8-d186-4307-b21c-adc87d0b9074" />
    <Project Path="src/LIAnsureProtect.Application/LIAnsureProtect.Application.csproj" Id="11ed9844-7106-4efd-8847-de3aafee0a39" />
    <Project Path="src/LIAnsureProtect.Domain/LIAnsureProtect.Domain.csproj" Id="3cee058a-9a28-44d3-a905-b456868b1b26" />
    <Project Path="src/LIAnsureProtect.Infrastructure/LIAnsureProtect.Infrastructure.csproj" Id="f1287d83-4c26-4620-b835-5e092ffcb8b0" />
    <Project Path="src/LIAnsureProtect.Worker/LIAnsureProtect.Worker.csproj" Id="a4f3914f-ec14-45cc-837b-63fb5394d214" />
  </Folder>
  <Folder Name="/src/Platform/">
    <Project Path="src/Platform/LIAnsureProtect.Platform.Abstractions/LIAnsureProtect.Platform.Abstractions.csproj" Id="93d96969-9954-4ec1-93b5-470f2bb3cd50" />
    <Project Path="src/Platform/LIAnsureProtect.Platform/LIAnsureProtect.Platform.csproj" Id="213673e2-a0a9-41f1-b565-79d7ed1fadd0" />
  </Folder>
  <Folder Name="/src/Modules/">
    <File Path="src/Modules/README.md" />
  </Folder>
  <Folder Name="/src/Modules/Notifications/">
    <Project Path="src/Modules/Notifications/LIAnsureProtect.Modules.Notifications.Domain/LIAnsureProtect.Modules.Notifications.Domain.csproj" Id="b9c3dbab-80aa-4637-8fb2-79f63ee82395" />
    <Project Path="src/Modules/Notifications/LIAnsureProtect.Modules.Notifications.Application/LIAnsureProtect.Modules.Notifications.Application.csproj" Id="6ff933d8-0fa3-423e-b936-a190ba985913" />
    <Project Path="src/Modules/Notifications/LIAnsureProtect.Modules.Notifications.Infrastructure/LIAnsureProtect.Modules.Notifications.Infrastructure.csproj" Id="14d27c0c-17f1-4325-88fb-19f6b7f9d971" />
  </Folder>
  <Folder Name="/src/Modules/Underwriting/">
    <Project Path="src/Modules/Underwriting/LIAnsureProtect.Modules.Underwriting.Domain/LIAnsureProtect.Modules.Underwriting.Domain.csproj" Id="9960cd92-f734-4f80-8448-571ba9814389" />
    <Project Path="src/Modules/Underwriting/LIAnsureProtect.Modules.Underwriting.Application/LIAnsureProtect.Modules.Underwriting.Application.csproj" Id="56377f8b-4913-4172-bc1b-21178e582c89" />
    <Project Path="src/Modules/Underwriting/LIAnsureProtect.Modules.Underwriting.Infrastructure/LIAnsureProtect.Modules.Underwriting.Infrastructure.csproj" Id="ca74a418-23e9-4aac-8f59-0ea1b5091c49" />
  </Folder>
  <Folder Name="/tests/">
    <Project Path="tests/LIAnsureProtect.IntegrationTests/LIAnsureProtect.IntegrationTests.csproj" Id="e3de299f-6eab-48f2-82c1-9378c9fcad71" />
    <Project Path="tests/LIAnsureProtect.UnitTests/LIAnsureProtect.UnitTests.csproj" Id="708bc2cf-8339-4ac6-9c25-05554e6c4760" />
  </Folder>
</Solution>
